
Microsoft Visual Studio Solution File, Format Version 12.00
# Visual Studio Version 16
VisualStudioVersion = 16.0.31005.135
MinimumVisualStudioVersion = 10.0.40219.1
Project("{FAE04EC0-301F-11D3-BF4B-00C04F79EFBC}") = "gitapp", "gitapp\gitapp.csproj", "{2F83F7B1-6909-4106-868A-B6185E64A37F}"
EndProject
Global
	GlobalSection(SolutionConfigurationPlatforms) = preSolution
		Debug|Any CPU = Debug|Any CPU
		Release|Any CPU = Release|Any CPU
	EndGlobalSection
	GlobalSection(ProjectConfigurationPlatforms) = postSolution
		{2F83F7B1-6909-4106-868A-B6185E64A37F}.Debug|Any CPU.ActiveCfg = Debug|Any CPU
		{2F83F7B1-6909-4106-868A-B6185E64A37F}.Debug|Any CPU.Build.0 = Debug|Any CPU
		{2F83F7B1-6909-4106-868A-B6185E64A37F}.Release|Any CPU.ActiveCfg = Release|Any CPU
		{2F83F7B1-6909-4106-868A-B6185E64A37F}.Release|Any CPU.Build.0 = Release|Any CPU
	EndGlobalSection
	GlobalSection(SolutionProperties) = preSolution
		HideSolutionNode = FALSE
	EndGlobalSection
	GlobalSection(ExtensibilityGlobals) = postSolution
		SolutionGuid = {FF56CD4C-117D-4FA6-8E18-E06DF75AF10C}
	EndGlobalSection
EndGlobal
